
Microsoft Visual Studio Solution File, Format Version 12.00
# Visual Studio Version 16
VisualStudioVersion = 16.0.28729.10
MinimumVisualStudioVersion = 10.0.40219.1
Project("{FAE04EC0-301F-11D3-BF4B-00C04F79EFBC}") = "Social", "Social\Social.csproj", "{8B1CAC71-328B-45BA-BA41-9BC03AC98425}"
EndProject
Global
	GlobalSection(SolutionConfigurationPlatforms) = preSolution
		Debug|Any CPU = Debug|Any CPU
		Release|Any CPU = Release|Any CPU
	EndGlobalSection
	GlobalSection(ProjectConfigurationPlatforms) = postSolution
		{8B1CAC71-328B-45BA-BA41-9BC03AC98425}.Debug|Any CPU.ActiveCfg = Debug|Any CPU
		{8B1CAC71-328B-45BA-BA41-9BC03AC98425}.Debug|Any CPU.Build.0 = Debug|Any CPU
		{8B1CAC71-328B-45BA-BA41-9BC03AC98425}.Release|Any CPU.ActiveCfg = Release|Any CPU
		{8B1CAC71-328B-45BA-BA41-9BC03AC98425}.Release|Any CPU.Build.0 = Release|Any CPU
	EndGlobalSection
	GlobalSection(SolutionProperties) = preSolution
		HideSolutionNode = FALSE
	EndGlobalSection
	GlobalSection(ExtensibilityGlobals) = postSolution
		SolutionGuid = {0EBA4BF8-97F8-4855-B715-0F69A740BA0F}
	EndGlobalSection
EndGlobal
